
Microsoft Visual Studio Solution File, Format Version 12.00
# Visual Studio Version 17
VisualStudioVersion = 17.1.32210.238
MinimumVisualStudioVersion = 10.0.40219.1
Project("{FAE04EC0-301F-11D3-BF4B-00C04F79EFBC}") = "Session-03", "Session-03\Session-03.csproj", "{64958010-0BDF-4470-94BE-97DED180AB27}"
EndProject
Global
	GlobalSection(SolutionConfigurationPlatforms) = preSolution
		Debug|Any CPU = Debug|Any CPU
		Release|Any CPU = Release|Any CPU
	EndGlobalSection
	GlobalSection(ProjectConfigurationPlatforms) = postSolution
		{64958010-0BDF-4470-94BE-97DED180AB27}.Debug|Any CPU.ActiveCfg = Debug|Any CPU
		{64958010-0BDF-4470-94BE-97DED180AB27}.Debug|Any CPU.Build.0 = Debug|Any CPU
		{64958010-0BDF-4470-94BE-97DED180AB27}.Release|Any CPU.ActiveCfg = Release|Any CPU
		{64958010-0BDF-4470-94BE-97DED180AB27}.Release|Any CPU.Build.0 = Release|Any CPU
	EndGlobalSection
	GlobalSection(SolutionProperties) = preSolution
		HideSolutionNode = FALSE
	EndGlobalSection
	GlobalSection(ExtensibilityGlobals) = postSolution
		SolutionGuid = {571CE58E-8A79-4A68-B4EB-5093308AE9F4}
	EndGlobalSection
EndGlobal
